// !$*UTF8*$!
{
	archiveVersion = 1;
	classes = {
	};
	objectVersion = 56;
	objects = {

/* Begin PBXBuildFile section */
		33B26C6D2B3B08EA0066F0B8 /* AppDelegate.swift in Sources */ = {isa = PBXBuildFile; fileRef = 33B26C6C2B3B08EA0066F0B8 /* AppDelegate.swift */; };
		33B26C6F2B3B08EA0066F0B8 /* SceneDelegate.swift in Sources */ = {isa = PBXBuildFile; fileRef = 33B26C6E2B3B08EA0066F0B8 /* SceneDelegate.swift */; };
		33B26C712B3B08EA0066F0B8 /* PokemonViewController.swift in Sources */ = {isa = PBXBuildFile; fileRef = 33B26C702B3B08EA0066F0B8 /* PokemonViewController.swift */; };
		33B26C742B3B08EA0066F0B8 /* Main.storyboard in Resources */ = {isa = PBXBuildFile; fileRef = 33B26C722B3B08EA0066F0B8 /* Main.storyboard */; };
		33B26C762B3B08EA0066F0B8 /* Assets.xcassets in Resources */ = {isa = PBXBuildFile; fileRef = 33B26C752B3B08EA0066F0B8 /* Assets.xcassets */; };
		33B26C792B3B08EA0066F0B8 /* LaunchScreen.storyboard in Resources */ = {isa = PBXBuildFile; fileRef = 33B26C772B3B08EA0066F0B8 /* LaunchScreen.storyboard */; };
		33B26C822B3B09850066F0B8 /* Kingfisher in Frameworks */ = {isa = PBXBuildFile; productRef = 33B26C812B3B09850066F0B8 /* Kingfisher */; };
		33E7EEE32B3C5D6500C69192 /* PokemonData.swift in Sources */ = {isa = PBXBuildFile; fileRef = 33E7EEE22B3C5D6500C69192 /* PokemonData.swift */; };
		33E7EEE52B3C5D8C00C69192 /* PokemonManager.swift in Sources */ = {isa = PBXBuildFile; fileRef = 33E7EEE42B3C5D8C00C69192 /* PokemonManager.swift */; };
		33E7EEE72B3C5DA900C69192 /* PokemonModel.swift in Sources */ = {isa = PBXBuildFile; fileRef = 33E7EEE62B3C5DA900C69192 /* PokemonModel.swift */; };
		33E7EEE92B3C5DC900C69192 /* ImageData.swift in Sources */ = {isa = PBXBuildFile; fileRef = 33E7EEE82B3C5DC900C69192 /* ImageData.swift */; };
		33E7EEEB2B3C5DE000C69192 /* ImageManager.swift in Sources */ = {isa = PBXBuildFile; fileRef = 33E7EEEA2B3C5DE000C69192 /* ImageManager.swift */; };
		33E7EEED2B3C5DF000C69192 /* ImageModel.swift in Sources */ = {isa = PBXBuildFile; fileRef = 33E7EEEC2B3C5DF000C69192 /* ImageModel.swift */; };
		33E7EEEF2B3C5E1D00C69192 /* GameModel.swift in Sources */ = {isa = PBXBuildFile; fileRef = 33E7EEEE2B3C5E1D00C69192 /* GameModel.swift */; };
/* End PBXBuildFile section */

/* Begin PBXFileReference section */
		33B26C692B3B08EA0066F0B8 /* who is that pokemon.app */ = {isa = PBXFileReference; explicitFileType = wrapper.application; includeInIndex = 0; path = "who is that pokemon.app"; sourceTree = BUILT_PRODUCTS_DIR; };
		33B26C6C2B3B08EA0066F0B8 /* AppDelegate.swift */ = {isa = PBXFileReference; lastKnownFileType = sourcecode.swift; path = AppDelegate.swift; sourceTree = "<group>"; };
		33B26C6E2B3B08EA0066F0B8 /* SceneDelegate.swift */ = {isa = PBXFileReference; lastKnownFileType = sourcecode.swift; path = SceneDelegate.swift; sourceTree = "<group>"; };
		33B26C702B3B08EA0066F0B8 /* PokemonViewController.swift */ = {isa = PBXFileReference; lastKnownFileType = sourcecode.swift; path = PokemonViewController.swift; sourceTree = "<group>"; };
		33B26C732B3B08EA0066F0B8 /* Base */ = {isa = PBXFileReference; lastKnownFileType = file.storyboard; name = Base; path = Base.lproj/Main.storyboard; sourceTree = "<group>"; };
		33B26C752B3B08EA0066F0B8 /* Assets.xcassets */ = {isa = PBXFileReference; lastKnownFileType = folder.assetcatalog; path = Assets.xcassets; sourceTree = "<group>"; };
		33B26C782B3B08EA0066F0B8 /* Base */ = {isa = PBXFileReference; lastKnownFileType = file.storyboard; name = Base; path = Base.lproj/LaunchScreen.storyboard; sourceTree = "<group>"; };
		33B26C7A2B3B08EA0066F0B8 /* Info.plist */ = {isa = PBXFileReference; lastKnownFileType = text.plist.xml; path = Info.plist; sourceTree = "<group>"; };
		33E7EEE22B3C5D6500C69192 /* PokemonData.swift */ = {isa = PBXFileReference; lastKnownFileType = sourcecode.swift; path = PokemonData.swift; sourceTree = "<group>"; };
		33E7EEE42B3C5D8C00C69192 /* PokemonManager.swift */ = {isa = PBXFileReference; lastKnownFileType = sourcecode.swift; path = PokemonManager.swift; sourceTree = "<group>"; };
		33E7EEE62B3C5DA900C69192 /* PokemonModel.swift */ = {isa = PBXFileReference; lastKnownFileType = sourcecode.swift; path = PokemonModel.swift; sourceTree = "<group>"; };
		33E7EEE82B3C5DC900C69192 /* ImageData.swift */ = {isa = PBXFileReference; lastKnownFileType = sourcecode.swift; path = ImageData.swift; sourceTree = "<group>"; };
		33E7EEEA2B3C5DE000C69192 /* ImageManager.swift */ = {isa = PBXFileReference; lastKnownFileType = sourcecode.swift; path = ImageManager.swift; sourceTree = "<group>"; };
		33E7EEEC2B3C5DF000C69192 /* ImageModel.swift */ = {isa = PBXFileReference; lastKnownFileType = sourcecode.swift; path = ImageModel.swift; sourceTree = "<group>"; };
		33E7EEEE2B3C5E1D00C69192 /* GameModel.swift */ = {isa = PBXFileReference; lastKnownFileType = sourcecode.swift; path = GameModel.swift; sourceTree = "<group>"; };
/* End PBXFileReference section */

/* Begin PBXFrameworksBuildPhase section */
		33B26C662B3B08EA0066F0B8 /* Frameworks */ = {
			isa = PBXFrameworksBuildPhase;
			buildActionMask = 2147483647;
			files = (
				33B26C822B3B09850066F0B8 /* Kingfisher in Frameworks */,
			);
			runOnlyForDeploymentPostprocessing = 0;
		};
/* End PBXFrameworksBuildPhase section */

/* Begin PBXGroup section */
		33B26C602B3B08EA0066F0B8 = {
			isa = PBXGroup;
			children = (
				33B26C6B2B3B08EA0066F0B8 /* who is that pokemon */,
				33B26C6A2B3B08EA0066F0B8 /* Products */,
			);
			sourceTree = "<group>";
		};
		33B26C6A2B3B08EA0066F0B8 /* Products */ = {
			isa = PBXGroup;
			children = (
				33B26C692B3B08EA0066F0B8 /* who is that pokemon.app */,
			);
			name = Products;
			sourceTree = "<group>";
		};
		33B26C6B2B3B08EA0066F0B8 /* who is that pokemon */ = {
			isa = PBXGroup;
			children = (
				33E7EEE12B3C5CEA00C69192 /* Model */,
				33B26C6C2B3B08EA0066F0B8 /* AppDelegate.swift */,
				33B26C6E2B3B08EA0066F0B8 /* SceneDelegate.swift */,
				33E7EEF12B3C605C00C69192 /* Controller */,
				33E7EEF02B3C5E5600C69192 /* View */,
				33B26C752B3B08EA0066F0B8 /* Assets.xcassets */,
				33B26C772B3B08EA0066F0B8 /* LaunchScreen.storyboard */,
				33B26C7A2B3B08EA0066F0B8 /* Info.plist */,
			);
			path = "who is that pokemon";
			sourceTree = "<group>";
		};
		33E7EEE12B3C5CEA00C69192 /* Model */ = {
			isa = PBXGroup;
			children = (
				33E7EEE22B3C5D6500C69192 /* PokemonData.swift */,
				33E7EEE42B3C5D8C00C69192 /* PokemonManager.swift */,
				33E7EEE62B3C5DA900C69192 /* PokemonModel.swift */,
				33E7EEE82B3C5DC900C69192 /* ImageData.swift */,
				33E7EEEA2B3C5DE000C69192 /* ImageManager.swift */,
				33E7EEEC2B3C5DF000C69192 /* ImageModel.swift */,
				33E7EEEE2B3C5E1D00C69192 /* GameModel.swift */,
			);
			path = Model;
			sourceTree = "<group>";
		};
		33E7EEF02B3C5E5600C69192 /* View */ = {
			isa = PBXGroup;
			children = (
				33B26C722B3B08EA0066F0B8 /* Main.storyboard */,
			);
			path = View;
			sourceTree = "<group>";
		};
		33E7EEF12B3C605C00C69192 /* Controller */ = {
			isa = PBXGroup;
			children = (
				33B26C702B3B08EA0066F0B8 /* PokemonViewController.swift */,
			);
			path = Controller;
			sourceTree = "<group>";
		};
/* End PBXGroup section */

/* Begin PBXNativeTarget section */
		33B26C682B3B08EA0066F0B8 /* who is that pokemon */ = {
			isa = PBXNativeTarget;
			buildConfigurationList = 33B26C7D2B3B08EA0066F0B8 /* Build configuration list for PBXNativeTarget "who is that pokemon" */;
			buildPhases = (
				33B26C652B3B08EA0066F0B8 /* Sources */,
				33B26C662B3B08EA0066F0B8 /* Frameworks */,
				33B26C672B3B08EA0066F0B8 /* Resources */,
			);
			buildRules = (
			);
			dependencies = (
			);
			name = "who is that pokemon";
			packageProductDependencies = (
				33B26C812B3B09850066F0B8 /* Kingfisher */,
			);
			productName = "who is that pokemon";
			productReference = 33B26C692B3B08EA0066F0B8 /* who is that pokemon.app */;
			productType = "com.apple.product-type.application";
		};
/* End PBXNativeTarget section */

/* Begin PBXProject section */
		33B26C612B3B08EA0066F0B8 /* Project object */ = {
			isa = PBXProject;
			attributes = {
				BuildIndependentTargetsInParallel = 1;
				LastSwiftUpdateCheck = 1500;
				LastUpgradeCheck = 1500;
				TargetAttributes = {
					33B26C682B3B08EA0066F0B8 = {
						CreatedOnToolsVersion = 15.0.1;
					};
				};
			};
			buildConfigurationList = 33B26C642B3B08EA0066F0B8 /* Build configuration list for PBXProject "who is that pokemon" */;
			compatibilityVersion = "Xcode 14.0";
			developmentRegion = en;
			hasScannedForEncodings = 0;
			knownRegions = (
				en,
				Base,
			);
			mainGroup = 33B26C602B3B08EA0066F0B8;
			packageReferences = (
				33B26C802B3B09850066F0B8 /* XCRemoteSwiftPackageReference "Kingfisher" */,
			);
			productRefGroup = 33B26C6A2B3B08EA0066F0B8 /* Products */;
			projectDirPath = "";
			projectRoot = "";
			targets = (
				33B26C682B3B08EA0066F0B8 /* who is that pokemon */,
			);
		};
/* End PBXProject section */

/* Begin PBXResourcesBuildPhase section */
		33B26C672B3B08EA0066F0B8 /* Resources */ = {
			isa = PBXResourcesBuildPhase;
			buildActionMask = 2147483647;
			files = (
				33B26C792B3B08EA0066F0B8 /* LaunchScreen.storyboard in Resources */,
				33B26C762B3B08EA0066F0B8 /* Assets.xcassets in Resources */,
				33B26C742B3B08EA0066F0B8 /* Main.storyboard in Resources */,
			);
			runOnlyForDeploymentPostprocessing = 0;
		};
/* End PBXResourcesBuildPhase section */

/* Begin PBXSourcesBuildPhase section */
		33B26C652B3B08EA0066F0B8 /* Sources */ = {
			isa = PBXSourcesBuildPhase;
			buildActionMask = 2147483647;
			files = (
				33B26C712B3B08EA0066F0B8 /* PokemonViewController.swift in Sources */,
				33E7EEE72B3C5DA900C69192 /* PokemonModel.swift in Sources */,
				33B26C6D2B3B08EA0066F0B8 /* AppDelegate.swift in Sources */,
				33E7EEEB2B3C5DE000C69192 /* ImageManager.swift in Sources */,
				33E7EEED2B3C5DF000C69192 /* ImageModel.swift in Sources */,
				33E7EEEF2B3C5E1D00C69192 /* GameModel.swift in Sources */,
				33E7EEE52B3C5D8C00C69192 /* PokemonManager.swift in Sources */,
				33B26C6F2B3B08EA0066F0B8 /* SceneDelegate.swift in Sources */,
				33E7EEE32B3C5D6500C69192 /* PokemonData.swift in Sources */,
				33E7EEE92B3C5DC900C69192 /* ImageData.swift in Sources */,
			);
			runOnlyForDeploymentPostprocessing = 0;
		};
/* End PBXSourcesBuildPhase section */

/* Begin PBXVariantGroup section */
		33B26C722B3B08EA0066F0B8 /* Main.storyboard */ = {
			isa = PBXVariantGroup;
			children = (
				33B26C732B3B08EA0066F0B8 /* Base */,
			);
			name = Main.storyboard;
			sourceTree = "<group>";
		};
		33B26C772B3B08EA0066F0B8 /* LaunchScreen.storyboard */ = {
			isa = PBXVariantGroup;
			children = (
				33B26C782B3B08EA0066F0B8 /* Base */,
			);
			name = LaunchScreen.storyboard;
			sourceTree = "<group>";
		};
/* End PBXVariantGroup section */

/* Begin XCBuildConfiguration section */
		33B26C7B2B3B08EA0066F0B8 /* Debug */ = {
			isa = XCBuildConfiguration;
			buildSettings = {
				ALWAYS_SEARCH_USER_PATHS = NO;
				ASSETCATALOG_COMPILER_GENERATE_SWIFT_ASSET_SYMBOL_EXTENSIONS = YES;
				CLANG_ANALYZER_NONNULL = YES;
				CLANG_ANALYZER_NUMBER_OBJECT_CONVERSION = YES_AGGRESSIVE;
				CLANG_CXX_LANGUAGE_STANDARD = "gnu++20";
				CLANG_ENABLE_MODULES = YES;
				CLANG_ENABLE_OBJC_ARC = YES;
				CLANG_ENABLE_OBJC_WEAK = YES;
				CLANG_WARN_BLOCK_CAPTURE_AUTORELEASING = YES;
				CLANG_WARN_BOOL_CONVERSION = YES;
				CLANG_WARN_COMMA = YES;
				CLANG_WARN_CONSTANT_CONVERSION = YES;
				CLANG_WARN_DEPRECATED_OBJC_IMPLEMENTATIONS = YES;
				CLANG_WARN_DIRECT_OBJC_ISA_USAGE = YES_ERROR;
				CLANG_WARN_DOCUMENTATION_COMMENTS = YES;
				CLANG_WARN_EMPTY_BODY = YES;
				CLANG_WARN_ENUM_CONVERSION = YES;
				CLANG_WARN_INFINITE_RECURSION = YES;
				CLANG_WARN_INT_CONVERSION = YES;
				CLANG_WARN_NON_LITERAL_NULL_CONVERSION = YES;
				CLANG_WARN_OBJC_IMPLICIT_RETAIN_SELF = YES;
				CLANG_WARN_OBJC_LITERAL_CONVERSION = YES;
				CLANG_WARN_OBJC_ROOT_CLASS = YES_ERROR;
				CLANG_WARN_QUOTED_INCLUDE_IN_FRAMEWORK_HEADER = YES;
				CLANG_WARN_RANGE_LOOP_ANALYSIS = YES;
				CLANG_WARN_STRICT_PROTOTYPES = YES;
				CLANG_WARN_SUSPICIOUS_MOVE = YES;
				CLANG_WARN_UNGUARDED_AVAILABILITY = YES_AGGRESSIVE;
				CLANG_WARN_UNREACHABLE_CODE = YES;
				CLANG_WARN__DUPLICATE_METHOD_MATCH = YES;
				COPY_PHASE_STRIP = NO;
				DEBUG_INFORMATION_FORMAT = dwarf;
				ENABLE_STRICT_OBJC_MSGSEND = YES;
				ENABLE_TESTABILITY = YES;
				ENABLE_USER_SCRIPT_SANDBOXING = YES;
				GCC_C_LANGUAGE_STANDARD = gnu17;
				GCC_DYNAMIC_NO_PIC = NO;
				GCC_NO_COMMON_BLOCKS = YES;
				GCC_OPTIMIZATION_LEVEL = 0;
				GCC_PREPROCESSOR_DEFINITIONS = (
					"DEBUG=1",
					"$(inherited)",
				);
				GCC_WARN_64_TO_32_BIT_CONVERSION = YES;
				GCC_WARN_ABOUT_RETURN_TYPE = YES_ERROR;
				GCC_WARN_UNDECLARED_SELECTOR = YES;
				GCC_WARN_UNINITIALIZED_AUTOS = YES_AGGRESSIVE;
				GCC_WARN_UNUSED_FUNCTION = YES;
				GCC_WARN_UNUSED_VARIABLE = YES;
				IPHONEOS_DEPLOYMENT_TARGET = 17.0;
				LOCALIZATION_PREFERS_STRING_CATALOGS = YES;
				MTL_ENABLE_DEBUG_INFO = INCLUDE_SOURCE;
				MTL_FAST_MATH = YES;
				ONLY_ACTIVE_ARCH = YES;
				SDKROOT = iphoneos;
				SWIFT_ACTIVE_COMPILATION_CONDITIONS = "DEBUG $(inherited)";
				SWIFT_OPTIMIZATION_LEVEL = "-Onone";
			};
			name = Debug;
		};
		33B26C7C2B3B08EA0066F0B8 /* Release */ = {
			isa = XCBuildConfiguration;
			buildSettings = {
				ALWAYS_SEARCH_USER_PATHS = NO;
				ASSETCATALOG_COMPILER_GENERATE_SWIFT_ASSET_SYMBOL_EXTENSIONS = YES;
				CLANG_ANALYZER_NONNULL = YES;
				CLANG_ANALYZER_NUMBER_OBJECT_CONVERSION = YES_AGGRESSIVE;
				CLANG_CXX_LANGUAGE_STANDARD = "gnu++20";
				CLANG_ENABLE_MODULES = YES;
				CLANG_ENABLE_OBJC_ARC = YES;
				CLANG_ENABLE_OBJC_WEAK = YES;
				CLANG_WARN_BLOCK_CAPTURE_AUTORELEASING = YES;
				CLANG_WARN_BOOL_CONVERSION = YES;
				CLANG_WARN_COMMA = YES;
				CLANG_WARN_CONSTANT_CONVERSION = YES;
				CLANG_WARN_DEPRECATED_OBJC_IMPLEMENTATIONS = YES;
				CLANG_WARN_DIRECT_OBJC_ISA_USAGE = YES_ERROR;
				CLANG_WARN_DOCUMENTATION_COMMENTS = YES;
				CLANG_WARN_EMPTY_BODY = YES;
				CLANG_WARN_ENUM_CONVERSION = YES;
				CLANG_WARN_INFINITE_RECURSION = YES;
				CLANG_WARN_INT_CONVERSION = YES;
				CLANG_WARN_NON_LITERAL_NULL_CONVERSION = YES;
				CLANG_WARN_OBJC_IMPLICIT_RETAIN_SELF = YES;
				CLANG_WARN_OBJC_LITERAL_CONVERSION = YES;
				CLANG_WARN_OBJC_ROOT_CLASS = YES_ERROR;
				CLANG_WARN_QUOTED_INCLUDE_IN_FRAMEWORK_HEADER = YES;
				CLANG_WARN_RANGE_LOOP_ANALYSIS = YES;
				CLANG_WARN_STRICT_PROTOTYPES = YES;
				CLANG_WARN_SUSPICIOUS_MOVE = YES;
				CLANG_WARN_UNGUARDED_AVAILABILITY = YES_AGGRESSIVE;
				CLANG_WARN_UNREACHABLE_CODE = YES;
				CLANG_WARN__DUPLICATE_METHOD_MATCH = YES;
				COPY_PHASE_STRIP = NO;
				DEBUG_INFORMATION_FORMAT = "dwarf-with-dsym";
				ENABLE_NS_ASSERTIONS = NO;
				ENABLE_STRICT_OBJC_MSGSEND = YES;
				ENABLE_USER_SCRIPT_SANDBOXING = YES;
				GCC_C_LANGUAGE_STANDARD = gnu17;
				GCC_NO_COMMON_BLOCKS = YES;
				GCC_WARN_64_TO_32_BIT_CONVERSION = YES;
				GCC_WARN_ABOUT_RETURN_TYPE = YES_ERROR;
				GCC_WARN_UNDECLARED_SELECTOR = YES;
				GCC_WARN_UNINITIALIZED_AUTOS = YES_AGGRESSIVE;
				GCC_WARN_UNUSED_FUNCTION = YES;
				GCC_WARN_UNUSED_VARIABLE = YES;
				IPHONEOS_DEPLOYMENT_TARGET = 17.0;
				LOCALIZATION_PREFERS_STRING_CATALOGS = YES;
				MTL_ENABLE_DEBUG_INFO = NO;
				MTL_FAST_MATH = YES;
				SDKROOT = iphoneos;
				SWIFT_COMPILATION_MODE = wholemodule;
				VALIDATE_PRODUCT = YES;
			};
			name = Release;
		};
		33B26C7E2B3B08EA0066F0B8 /* Debug */ = {
			isa = XCBuildConfiguration;
			buildSettings = {
				ASSETCATALOG_COMPILER_APPICON_NAME = AppIcon;
				ASSETCATALOG_COMPILER_GLOBAL_ACCENT_COLOR_NAME = AccentColor;
				CODE_SIGN_STYLE = Automatic;
				CURRENT_PROJECT_VERSION = 1;
				GENERATE_INFOPLIST_FILE = YES;
				INFOPLIST_FILE = "who is that pokemon/Info.plist";
				INFOPLIST_KEY_UIApplicationSupportsIndirectInputEvents = YES;
				INFOPLIST_KEY_UILaunchStoryboardName = LaunchScreen;
				INFOPLIST_KEY_UIMainStoryboardFile = Main;
				INFOPLIST_KEY_UISupportedInterfaceOrientations_iPad = "UIInterfaceOrientationPortrait UIInterfaceOrientationPortraitUpsideDown UIInterfaceOrientationLandscapeLeft UIInterfaceOrientationLandscapeRight";
				INFOPLIST_KEY_UISupportedInterfaceOrientations_iPhone = "UIInterfaceOrientationPortrait UIInterfaceOrientationLandscapeLeft UIInterfaceOrientationLandscapeRight";
				LD_RUNPATH_SEARCH_PATHS = (
					"$(inherited)",
					"@executable_path/Frameworks",
				);
				MARKETING_VERSION = 1.0;
				PRODUCT_BUNDLE_IDENTIFIER = "dev.giovanni.who-is-that-pokemon";
				PRODUCT_NAME = "$(TARGET_NAME)";
				SWIFT_EMIT_LOC_STRINGS = YES;
				SWIFT_VERSION = 5.0;
				TARGETED_DEVICE_FAMILY = "1,2";
			};
			name = Debug;
		};
		33B26C7F2B3B08EA0066F0B8 /* Release */ = {
			isa = XCBuildConfiguration;
			buildSettings = {
				ASSETCATALOG_COMPILER_APPICON_NAME = AppIcon;
				ASSETCATALOG_COMPILER_GLOBAL_ACCENT_COLOR_NAME = AccentColor;
				CODE_SIGN_STYLE = Automatic;
				CURRENT_PROJECT_VERSION = 1;
				GENERATE_INFOPLIST_FILE = YES;
				INFOPLIST_FILE = "who is that pokemon/Info.plist";
				INFOPLIST_KEY_UIApplicationSupportsIndirectInputEvents = YES;
				INFOPLIST_KEY_UILaunchStoryboardName = LaunchScreen;
				INFOPLIST_KEY_UIMainStoryboardFile = Main;
				INFOPLIST_KEY_UISupportedInterfaceOrientations_iPad = "UIInterfaceOrientationPortrait UIInterfaceOrientationPortraitUpsideDown UIInterfaceOrientationLandscapeLeft UIInterfaceOrientationLandscapeRight";
				INFOPLIST_KEY_UISupportedInterfaceOrientations_iPhone = "UIInterfaceOrientationPortrait UIInterfaceOrientationLandscapeLeft UIInterfaceOrientationLandscapeRight";
				LD_RUNPATH_SEARCH_PATHS = (
					"$(inherited)",
					"@executable_path/Frameworks",
				);
				MARKETING_VERSION = 1.0;
				PRODUCT_BUNDLE_IDENTIFIER = "dev.giovanni.who-is-that-pokemon";
				PRODUCT_NAME = "$(TARGET_NAME)";
				SWIFT_EMIT_LOC_STRINGS = YES;
				SWIFT_VERSION = 5.0;
				TARGETED_DEVICE_FAMILY = "1,2";
			};
			name = Release;
		};
/* End XCBuildConfiguration section */

/* Begin XCConfigurationList section */
		33B26C642B3B08EA0066F0B8 /* Build configuration list for PBXProject "who is that pokemon" */ = {
			isa = XCConfigurationList;
			buildConfigurations = (
				33B26C7B2B3B08EA0066F0B8 /* Debug */,
				33B26C7C2B3B08EA0066F0B8 /* Release */,
			);
			defaultConfigurationIsVisible = 0;
			defaultConfigurationName = Release;
		};
		33B26C7D2B3B08EA0066F0B8 /* Build configuration list for PBXNativeTarget "who is that pokemon" */ = {
			isa = XCConfigurationList;
			buildConfigurations = (
				33B26C7E2B3B08EA0066F0B8 /* Debug */,
				33B26C7F2B3B08EA0066F0B8 /* Release */,
			);
			defaultConfigurationIsVisible = 0;
			defaultConfigurationName = Release;
		};
/* End XCConfigurationList section */

/* Begin XCRemoteSwiftPackageReference section */
		33B26C802B3B09850066F0B8 /* XCRemoteSwiftPackageReference "Kingfisher" */ = {
			isa = XCRemoteSwiftPackageReference;
			repositoryURL = "https://github.com/onevcat/Kingfisher.git";
			requirement = {
				kind = upToNextMajorVersion;
				minimumVersion = 7.10.1;
			};
		};
/* End XCRemoteSwiftPackageReference section */

/* Begin XCSwiftPackageProductDependency section */
		33B26C812B3B09850066F0B8 /* Kingfisher */ = {
			isa = XCSwiftPackageProductDependency;
			package = 33B26C802B3B09850066F0B8 /* XCRemoteSwiftPackageReference "Kingfisher" */;
			productName = Kingfisher;
		};
/* End XCSwiftPackageProductDependency section */
	};
	rootObject = 33B26C612B3B08EA0066F0B8 /* Project object */;
}
